
Microsoft Visual Studio Solution File, Format Version 12.00
# Visual Studio Version 16
VisualStudioVersion = 16.0.29123.88
MinimumVisualStudioVersion = 10.0.40219.1
Project("{9A19103F-16F7-4668-BE54-9A1E7A4F7556}") = "App.API", "App.API.csproj", "{CFC64E05-FE6B-4CBF-9484-B93142AE59EF}"
EndProject
Global
	GlobalSection(SolutionConfigurationPlatforms) = preSolution
		Debug|Any CPU = Debug|Any CPU
		Release|Any CPU = Release|Any CPU
	EndGlobalSection
	GlobalSection(ProjectConfigurationPlatforms) = postSolution
		{CFC64E05-FE6B-4CBF-9484-B93142AE59EF}.Debug|Any CPU.ActiveCfg = Debug|Any CPU
		{CFC64E05-FE6B-4CBF-9484-B93142AE59EF}.Debug|Any CPU.Build.0 = Debug|Any CPU
		{CFC64E05-FE6B-4CBF-9484-B93142AE59EF}.Release|Any CPU.ActiveCfg = Release|Any CPU
		{CFC64E05-FE6B-4CBF-9484-B93142AE59EF}.Release|Any CPU.Build.0 = Release|Any CPU
	EndGlobalSection
	GlobalSection(SolutionProperties) = preSolution
		HideSolutionNode = FALSE
	EndGlobalSection
	GlobalSection(ExtensibilityGlobals) = postSolution
		SolutionGuid = {4B182E95-2856-4B51-B21E-6463FA578215}
	EndGlobalSection
EndGlobal
